symfony v2.0.14
twig v1.7.0
monolog 1.0.2
doctrine-common 2.1.4
doctrine-dbal 2.1.6
doctrine 2.1.6
swiftmailer v4.1.7
assetic v1.0.3
twig-extensions v1.0.0-alpha
metadata 1.0.0
SensioFrameworkExtraBundle v2.0.17
JMSSecurityExtraBundle e752f888c51425f71382c056961f10f2be642102
SensioDistributionBundle v2.0.17
SensioGeneratorBundle v2.0.17
AsseticBundle v1.0.1
FOSUserBundle 1.2.0
